
Microsoft Visual Studio Solution File, Format Version 12.00
# Visual Studio Version 17
VisualStudioVersion = 17.8.34408.163
MinimumVisualStudioVersion = 10.0.40219.1
Project("{9A19103F-16F7-4668-BE54-9A1E7A4F7556}") = "Training", "Training\Training.csproj", "{3619BF8E-0C8E-45B2-B336-F846FCAB489F}"
EndProject
Project("{9A19103F-16F7-4668-BE54-9A1E7A4F7556}") = "TrainingApi", "TrainingApi\TrainingApi.csproj", "{E044B975-ED92-4F5B-8751-444ADDFE4D83}"
EndProject
Global
	GlobalSection(SolutionConfigurationPlatforms) = preSolution
		Debug|Any CPU = Debug|Any CPU
		Release|Any CPU = Release|Any CPU
	EndGlobalSection
	GlobalSection(ProjectConfigurationPlatforms) = postSolution
		{3619BF8E-0C8E-45B2-B336-F846FCAB489F}.Debug|Any CPU.ActiveCfg = Debug|Any CPU
		{3619BF8E-0C8E-45B2-B336-F846FCAB489F}.Debug|Any CPU.Build.0 = Debug|Any CPU
		{3619BF8E-0C8E-45B2-B336-F846FCAB489F}.Release|Any CPU.ActiveCfg = Release|Any CPU
		{3619BF8E-0C8E-45B2-B336-F846FCAB489F}.Release|Any CPU.Build.0 = Release|Any CPU
		{E044B975-ED92-4F5B-8751-444ADDFE4D83}.Debug|Any CPU.ActiveCfg = Debug|Any CPU
		{E044B975-ED92-4F5B-8751-444ADDFE4D83}.Debug|Any CPU.Build.0 = Debug|Any CPU
		{E044B975-ED92-4F5B-8751-444ADDFE4D83}.Release|Any CPU.ActiveCfg = Release|Any CPU
		{E044B975-ED92-4F5B-8751-444ADDFE4D83}.Release|Any CPU.Build.0 = Release|Any CPU
	EndGlobalSection
	GlobalSection(SolutionProperties) = preSolution
		HideSolutionNode = FALSE
	EndGlobalSection
	GlobalSection(ExtensibilityGlobals) = postSolution
		SolutionGuid = {E5F03310-B7AA-4AF5-8CBE-34978DBAE1BF}
	EndGlobalSection
EndGlobal
